
Microsoft Visual Studio Solution File, Format Version 12.00
# Visual Studio 14
VisualStudioVersion = 14.0.24720.0
MinimumVisualStudioVersion = 10.0.40219.1
Project("{FAE04EC0-301F-11D3-BF4B-00C04F79EFBC}") = "SimpleTCP", "SimpleTCP\SimpleTCP.csproj", "{707E88EE-BD15-4AB2-AAB9-0128B5C192F4}"
EndProject
Project("{FAE04EC0-301F-11D3-BF4B-00C04F79EFBC}") = "Test", "Test\Test.csproj", "{30910D52-0FD4-403E-8E72-00E8632348C2}"
EndProject
Global
	GlobalSection(SolutionConfigurationPlatforms) = preSolution
		Debug|Any CPU = Debug|Any CPU
		Release|Any CPU = Release|Any CPU
	EndGlobalSection
	GlobalSection(ProjectConfigurationPlatforms) = postSolution
		{707E88EE-BD15-4AB2-AAB9-0128B5C192F4}.Debug|Any CPU.ActiveCfg = Debug|Any CPU
		{707E88EE-BD15-4AB2-AAB9-0128B5C192F4}.Debug|Any CPU.Build.0 = Debug|Any CPU
		{707E88EE-BD15-4AB2-AAB9-0128B5C192F4}.Release|Any CPU.ActiveCfg = Release|Any CPU
		{707E88EE-BD15-4AB2-AAB9-0128B5C192F4}.Release|Any CPU.Build.0 = Release|Any CPU
		{30910D52-0FD4-403E-8E72-00E8632348C2}.Debug|Any CPU.ActiveCfg = Debug|Any CPU
		{30910D52-0FD4-403E-8E72-00E8632348C2}.Debug|Any CPU.Build.0 = Debug|Any CPU
		{30910D52-0FD4-403E-8E72-00E8632348C2}.Release|Any CPU.ActiveCfg = Release|Any CPU
		{30910D52-0FD4-403E-8E72-00E8632348C2}.Release|Any CPU.Build.0 = Release|Any CPU
	EndGlobalSection
	GlobalSection(SolutionProperties) = preSolution
		HideSolutionNode = FALSE
	EndGlobalSection
EndGlobal
